{"version":4,"terraform_version":"1.8.0","serial":1,"lineage":"b8d93bf7-8f0b-a07d-eeaf-e9475657b26a","outputs":{},"resources":[{"mode":"data","type":"aws_caller_identity","name":"this","provider":"provider[\"registry.opentofu.org/hashicorp/aws\"]","instances":[{"schema_version":0,"attributes":{"account_id":"471112692916","arn":"arn:aws:iam::471112692916:user/mattl","id":"471112692916","user_id":"AIDAW3MEBGS2ICROKHTBF"},"sensitive_attributes":[]}]},{"module":"module.s3build","mode":"managed","type":"aws_s3_bucket","name":"this","provider":"provider[\"registry.opentofu.org/hashicorp/aws\"]","instances":[{"schema_version":0,"attributes":{"acceleration_status":"","acl":null,"arn":"arn:aws:s3:::mattl-bootcamp-bucket-1","bucket":"mattl-bootcamp-bucket-1","bucket_domain_name":"mattl-bootcamp-bucket-1.s3.amazonaws.com","bucket_prefix":"","bucket_regional_domain_name":"mattl-bootcamp-bucket-1.s3.us-east-1.amazonaws.com","cors_rule":[],"force_destroy":false,"grant":[{"id":"b287c12481ac4b2f2c9a72c8d5c557603f2e21e0a21fc8fa84a7917639d1a091","permissions":["FULL_CONTROL"],"type":"CanonicalUser","uri":""}],"hosted_zone_id":"Z3AQBSTGFYJSTF","id":"mattl-bootcamp-bucket-1","lifecycle_rule":[],"logging":[],"object_lock_configuration":[],"object_lock_enabled":false,"policy":"","region":"us-east-1","replication_configuration":[],"request_payer":"BucketOwner","server_side_encryption_configuration":[{"rule":[{"apply_server_side_encryption_by_default":[{"kms_master_key_id":"","sse_algorithm":"AES256"}],"bucket_key_enabled":false}]}],"tags":null,"tags_all":{},"timeouts":null,"versioning":[{"enabled":false,"mfa_delete":false}],"website":[],"website_domain":null,"website_endpoint":null},"sensitive_attributes":[],"private":"eyJlMmJmYjczMC1lY2FhLTExZTYtOGY4OC0zNDM2M2JjN2M0YzAiOnsiY3JlYXRlIjoxMjAwMDAwMDAwMDAwLCJkZWxldGUiOjM2MDAwMDAwMDAwMDAsInJlYWQiOjEyMDAwMDAwMDAwMDAsInVwZGF0ZSI6MTIwMDAwMDAwMDAwMH19"}]}],"check_results":null}
